// !$*UTF8*$!
{
	archiveVersion = 1;
	classes = {
	};
	objectVersion = 46;
	objects = {

/* Begin PBXBuildFile section */
		1D32E9C41E644B3F00621679 /* AppDelegate.swift in Sources */ = {isa = PBXBuildFile; fileRef = 1D32E9C31E644B3F00621679 /* AppDelegate.swift */; };
		1D32E9C61E644B3F00621679 /* ViewController.swift in Sources */ = {isa = PBXBuildFile; fileRef = 1D32E9C51E644B3F00621679 /* ViewController.swift */; };
		1D32E9C91E644B3F00621679 /* Main.storyboard in Resources */ = {isa = PBXBuildFile; fileRef = 1D32E9C71E644B3F00621679 /* Main.storyboard */; };
		1D32E9CB1E644B3F00621679 /* Assets.xcassets in Resources */ = {isa = PBXBuildFile; fileRef = 1D32E9CA1E644B3F00621679 /* Assets.xcassets */; };
		1D32E9CE1E644B3F00621679 /* LaunchScreen.storyboard in Resources */ = {isa = PBXBuildFile; fileRef = 1D32E9CC1E644B3F00621679 /* LaunchScreen.storyboard */; };
		1D32E9D91E644B3F00621679 /* FBIntegrationTests.swift in Sources */ = {isa = PBXBuildFile; fileRef = 1D32E9D81E644B3F00621679 /* FBIntegrationTests.swift */; };
		1D32E9E41E644B3F00621679 /* FBIntegrationUITests.swift in Sources */ = {isa = PBXBuildFile; fileRef = 1D32E9E31E644B3F00621679 /* FBIntegrationUITests.swift */; };
		59F048FA07585788AD749504 /* Pods_FBIntegration.framework in Frameworks */ = {isa = PBXBuildFile; fileRef = A729E7DB9338DE23D558AC68 /* Pods_FBIntegration.framework */; };
		80816FBE3AA72C221980A19C /* Pods_FBIntegrationTests.framework in Frameworks */ = {isa = PBXBuildFile; fileRef = 0958A5E5F3D15E6DA16DEA6C /* Pods_FBIntegrationTests.framework */; };
		B5FB21A1697D47A8A86E267B /* Pods_FBIntegrationUITests.framework in Frameworks */ = {isa = PBXBuildFile; fileRef = F176064D686C2D7904F4227A /* Pods_FBIntegrationUITests.framework */; };
/* End PBXBuildFile section */

/* Begin PBXContainerItemProxy section */
		1D32E9D51E644B3F00621679 /* PBXContainerItemProxy */ = {
			isa = PBXContainerItemProxy;
			containerPortal = 1D32E9B81E644B3F00621679 /* Project object */;
			proxyType = 1;
			remoteGlobalIDString = 1D32E9BF1E644B3F00621679;
			remoteInfo = FBIntegration;
		};
		1D32E9E01E644B3F00621679 /* PBXContainerItemProxy */ = {
			isa = PBXContainerItemProxy;
			containerPortal = 1D32E9B81E644B3F00621679 /* Project object */;
			proxyType = 1;
			remoteGlobalIDString = 1D32E9BF1E644B3F00621679;
			remoteInfo = FBIntegration;
		};
/* End PBXContainerItemProxy section */

/* Begin PBXFileReference section */
		04F77A1CE5359C3237C02319 /* Pods-FBIntegrationTests.release.xcconfig */ = {isa = PBXFileReference; includeInIndex = 1; lastKnownFileType = text.xcconfig; name = "Pods-FBIntegrationTests.release.xcconfig"; path = "Pods/Target Support Files/Pods-FBIntegrationTests/Pods-FBIntegrationTests.release.xcconfig"; sourceTree = "<group>"; };
		05C293A94694388D92584C75 /* Pods-FBIntegration.debug.xcconfig */ = {isa = PBXFileReference; includeInIndex = 1; lastKnownFileType = text.xcconfig; name = "Pods-FBIntegration.debug.xcconfig"; path = "Pods/Target Support Files/Pods-FBIntegration/Pods-FBIntegration.debug.xcconfig"; sourceTree = "<group>"; };
		0958A5E5F3D15E6DA16DEA6C /* Pods_FBIntegrationTests.framework */ = {isa = PBXFileReference; explicitFileType = wrapper.framework; includeInIndex = 0; path = Pods_FBIntegrationTests.framework; sourceTree = BUILT_PRODUCTS_DIR; };
		1D32E9C01E644B3F00621679 /* FBIntegration.app */ = {isa = PBXFileReference; explicitFileType = wrapper.application; includeInIndex = 0; path = FBIntegration.app; sourceTree = BUILT_PRODUCTS_DIR; };
		1D32E9C31E644B3F00621679 /* AppDelegate.swift */ = {isa = PBXFileReference; lastKnownFileType = sourcecode.swift; path = AppDelegate.swift; sourceTree = "<group>"; };
		1D32E9C51E644B3F00621679 /* ViewController.swift */ = {isa = PBXFileReference; lastKnownFileType = sourcecode.swift; path = ViewController.swift; sourceTree = "<group>"; };
		1D32E9C81E644B3F00621679 /* Base */ = {isa = PBXFileReference; lastKnownFileType = file.storyboard; name = Base; path = Base.lproj/Main.storyboard; sourceTree = "<group>"; };
		1D32E9CA1E644B3F00621679 /* Assets.xcassets */ = {isa = PBXFileReference; lastKnownFileType = folder.assetcatalog; path = Assets.xcassets; sourceTree = "<group>"; };
		1D32E9CD1E644B3F00621679 /* Base */ = {isa = PBXFileReference; lastKnownFileType = file.storyboard; name = Base; path = Base.lproj/LaunchScreen.storyboard; sourceTree = "<group>"; };
		1D32E9CF1E644B3F00621679 /* Info.plist */ = {isa = PBXFileReference; lastKnownFileType = text.plist.xml; path = Info.plist; sourceTree = "<group>"; };
		1D32E9D41E644B3F00621679 /* FBIntegrationTests.xctest */ = {isa = PBXFileReference; explicitFileType = wrapper.cfbundle; includeInIndex = 0; path = FBIntegrationTests.xctest; sourceTree = BUILT_PRODUCTS_DIR; };
		1D32E9D81E644B3F00621679 /* FBIntegrationTests.swift */ = {isa = PBXFileReference; lastKnownFileType = sourcecode.swift; path = FBIntegrationTests.swift; sourceTree = "<group>"; };
		1D32E9DA1E644B3F00621679 /* Info.plist */ = {isa = PBXFileReference; lastKnownFileType = text.plist.xml; path = Info.plist; sourceTree = "<group>"; };
		1D32E9DF1E644B3F00621679 /* FBIntegrationUITests.xctest */ = {isa = PBXFileReference; explicitFileType = wrapper.cfbundle; includeInIndex = 0; path = FBIntegrationUITests.xctest; sourceTree = BUILT_PRODUCTS_DIR; };
		1D32E9E31E644B3F00621679 /* FBIntegrationUITests.swift */ = {isa = PBXFileReference; lastKnownFileType = sourcecode.swift; path = FBIntegrationUITests.swift; sourceTree = "<group>"; };
		1D32E9E51E644B4000621679 /* Info.plist */ = {isa = PBXFileReference; lastKnownFileType = text.plist.xml; path = Info.plist; sourceTree = "<group>"; };
		316A173F5406DD0EF0C41480 /* Pods-FBIntegrationUITests.release.xcconfig */ = {isa = PBXFileReference; includeInIndex = 1; lastKnownFileType = text.xcconfig; name = "Pods-FBIntegrationUITests.release.xcconfig"; path = "Pods/Target Support Files/Pods-FBIntegrationUITests/Pods-FBIntegrationUITests.release.xcconfig"; sourceTree = "<group>"; };
		3EA18EE04CCC4A7C899AD4AF /* Pods-FBIntegrationTests.debug.xcconfig */ = {isa = PBXFileReference; includeInIndex = 1; lastKnownFileType = text.xcconfig; name = "Pods-FBIntegrationTests.debug.xcconfig"; path = "Pods/Target Support Files/Pods-FBIntegrationTests/Pods-FBIntegrationTests.debug.xcconfig"; sourceTree = "<group>"; };
		A729E7DB9338DE23D558AC68 /* Pods_FBIntegration.framework */ = {isa = PBXFileReference; explicitFileType = wrapper.framework; includeInIndex = 0; path = Pods_FBIntegration.framework; sourceTree = BUILT_PRODUCTS_DIR; };
		D29E278F2CA713A2F8AEDBC1 /* Pods-FBIntegrationUITests.debug.xcconfig */ = {isa = PBXFileReference; includeInIndex = 1; lastKnownFileType = text.xcconfig; name = "Pods-FBIntegrationUITests.debug.xcconfig"; path = "Pods/Target Support Files/Pods-FBIntegrationUITests/Pods-FBIntegrationUITests.debug.xcconfig"; sourceTree = "<group>"; };
		E9F1E4A2497D2364A230D5EB /* Pods-FBIntegration.release.xcconfig */ = {isa = PBXFileReference; includeInIndex = 1; lastKnownFileType = text.xcconfig; name = "Pods-FBIntegration.release.xcconfig"; path = "Pods/Target Support Files/Pods-FBIntegration/Pods-FBIntegration.release.xcconfig"; sourceTree = "<group>"; };
		F176064D686C2D7904F4227A /* Pods_FBIntegrationUITests.framework */ = {isa = PBXFileReference; explicitFileType = wrapper.framework; includeInIndex = 0; path = Pods_FBIntegrationUITests.framework; sourceTree = BUILT_PRODUCTS_DIR; };
/* End PBXFileReference section */

/* Begin PBXFrameworksBuildPhase section */
		1D32E9BD1E644B3F00621679 /* Frameworks */ = {
			isa = PBXFrameworksBuildPhase;
			buildActionMask = 2147483647;
			files = (
				59F048FA07585788AD749504 /* Pods_FBIntegration.framework in Frameworks */,
			);
			runOnlyForDeploymentPostprocessing = 0;
		};
		1D32E9D11E644B3F00621679 /* Frameworks */ = {
			isa = PBXFrameworksBuildPhase;
			buildActionMask = 2147483647;
			files = (
				80816FBE3AA72C221980A19C /* Pods_FBIntegrationTests.framework in Frameworks */,
			);
			runOnlyForDeploymentPostprocessing = 0;
		};
		1D32E9DC1E644B3F00621679 /* Frameworks */ = {
			isa = PBXFrameworksBuildPhase;
			buildActionMask = 2147483647;
			files = (
				B5FB21A1697D47A8A86E267B /* Pods_FBIntegrationUITests.framework in Frameworks */,
			);
			runOnlyForDeploymentPostprocessing = 0;
		};
/* End PBXFrameworksBuildPhase section */

/* Begin PBXGroup section */
		1D32E9B71E644B3F00621679 = {
			isa = PBXGroup;
			children = (
				1D32E9C21E644B3F00621679 /* FBIntegration */,
				1D32E9D71E644B3F00621679 /* FBIntegrationTests */,
				1D32E9E21E644B3F00621679 /* FBIntegrationUITests */,
				1D32E9C11E644B3F00621679 /* Products */,
				D841B9BB16BFB224EDEAC41C /* Pods */,
				613EF8E892192052F78C8395 /* Frameworks */,
			);
			sourceTree = "<group>";
		};
		1D32E9C11E644B3F00621679 /* Products */ = {
			isa = PBXGroup;
			children = (
				1D32E9C01E644B3F00621679 /* FBIntegration.app */,
				1D32E9D41E644B3F00621679 /* FBIntegrationTests.xctest */,
				1D32E9DF1E644B3F00621679 /* FBIntegrationUITests.xctest */,
			);
			name = Products;
			sourceTree = "<group>";
		};
		1D32E9C21E644B3F00621679 /* FBIntegration */ = {
			isa = PBXGroup;
			children = (
				1D32E9C31E644B3F00621679 /* AppDelegate.swift */,
				1D32E9C51E644B3F00621679 /* ViewController.swift */,
				1D32E9C71E644B3F00621679 /* Main.storyboard */,
				1D32E9CA1E644B3F00621679 /* Assets.xcassets */,
				1D32E9CC1E644B3F00621679 /* LaunchScreen.storyboard */,
				1D32E9CF1E644B3F00621679 /* Info.plist */,
			);
			path = FBIntegration;
			sourceTree = "<group>";
		};
		1D32E9D71E644B3F00621679 /* FBIntegrationTests */ = {
			isa = PBXGroup;
			children = (
				1D32E9D81E644B3F00621679 /* FBIntegrationTests.swift */,
				1D32E9DA1E644B3F00621679 /* Info.plist */,
			);
			path = FBIntegrationTests;
			sourceTree = "<group>";
		};
		1D32E9E21E644B3F00621679 /* FBIntegrationUITests */ = {
			isa = PBXGroup;
			children = (
				1D32E9E31E644B3F00621679 /* FBIntegrationUITests.swift */,
				1D32E9E51E644B4000621679 /* Info.plist */,
			);
			path = FBIntegrationUITests;
			sourceTree = "<group>";
		};
		613EF8E892192052F78C8395 /* Frameworks */ = {
			isa = PBXGroup;
			children = (
				A729E7DB9338DE23D558AC68 /* Pods_FBIntegration.framework */,
				0958A5E5F3D15E6DA16DEA6C /* Pods_FBIntegrationTests.framework */,
				F176064D686C2D7904F4227A /* Pods_FBIntegrationUITests.framework */,
			);
			name = Frameworks;
			sourceTree = "<group>";
		};
		D841B9BB16BFB224EDEAC41C /* Pods */ = {
			isa = PBXGroup;
			children = (
				05C293A94694388D92584C75 /* Pods-FBIntegration.debug.xcconfig */,
				E9F1E4A2497D2364A230D5EB /* Pods-FBIntegration.release.xcconfig */,
				3EA18EE04CCC4A7C899AD4AF /* Pods-FBIntegrationTests.debug.xcconfig */,
				04F77A1CE5359C3237C02319 /* Pods-FBIntegrationTests.release.xcconfig */,
				D29E278F2CA713A2F8AEDBC1 /* Pods-FBIntegrationUITests.debug.xcconfig */,
				316A173F5406DD0EF0C41480 /* Pods-FBIntegrationUITests.release.xcconfig */,
			);
			name = Pods;
			sourceTree = "<group>";
		};
/* End PBXGroup section */

/* Begin PBXNativeTarget section */
		1D32E9BF1E644B3F00621679 /* FBIntegration */ = {
			isa = PBXNativeTarget;
			buildConfigurationList = 1D32E9E81E644B4000621679 /* Build configuration list for PBXNativeTarget "FBIntegration" */;
			buildPhases = (
				0C9C019CA4C9FFF53E64D125 /* [CP] Check Pods Manifest.lock */,
				1D32E9BC1E644B3F00621679 /* Sources */,
				1D32E9BD1E644B3F00621679 /* Frameworks */,
				1D32E9BE1E644B3F00621679 /* Resources */,
				61ACFED2DDE14BDEF01031D4 /* [CP] Embed Pods Frameworks */,
				6ABC0D6F6FB335179FC4A5A9 /* [CP] Copy Pods Resources */,
			);
			buildRules = (
			);
			dependencies = (
			);
			name = FBIntegration;
			productName = FBIntegration;
			productReference = 1D32E9C01E644B3F00621679 /* FBIntegration.app */;
			productType = "com.apple.product-type.application";
		};
		1D32E9D31E644B3F00621679 /* FBIntegrationTests */ = {
			isa = PBXNativeTarget;
			buildConfigurationList = 1D32E9EB1E644B4000621679 /* Build configuration list for PBXNativeTarget "FBIntegrationTests" */;
			buildPhases = (
				2FB7683DFDE50DCC951B0D23 /* [CP] Check Pods Manifest.lock */,
				1D32E9D01E644B3F00621679 /* Sources */,
				1D32E9D11E644B3F00621679 /* Frameworks */,
				1D32E9D21E644B3F00621679 /* Resources */,
				DA595A1DFA5E4D0912067738 /* [CP] Embed Pods Frameworks */,
				9C36328EEBEF35EEACAC60B7 /* [CP] Copy Pods Resources */,
			);
			buildRules = (
			);
			dependencies = (
				1D32E9D61E644B3F00621679 /* PBXTargetDependency */,
			);
			name = FBIntegrationTests;
			productName = FBIntegrationTests;
			productReference = 1D32E9D41E644B3F00621679 /* FBIntegrationTests.xctest */;
			productType = "com.apple.product-type.bundle.unit-test";
		};
		1D32E9DE1E644B3F00621679 /* FBIntegrationUITests */ = {
			isa = PBXNativeTarget;
			buildConfigurationList = 1D32E9EE1E644B4000621679 /* Build configuration list for PBXNativeTarget "FBIntegrationUITests" */;
			buildPhases = (
				6DDD3E2BA0F7FB6756D4AFC0 /* [CP] Check Pods Manifest.lock */,
				1D32E9DB1E644B3F00621679 /* Sources */,
				1D32E9DC1E644B3F00621679 /* Frameworks */,
				1D32E9DD1E644B3F00621679 /* Resources */,
				1E36F6E8D2AAA6EA34323AF5 /* [CP] Embed Pods Frameworks */,
				7231FF60DAEF6EEED85F4221 /* [CP] Copy Pods Resources */,
			);
			buildRules = (
			);
			dependencies = (
				1D32E9E11E644B3F00621679 /* PBXTargetDependency */,
			);
			name = FBIntegrationUITests;
			productName = FBIntegrationUITests;
			productReference = 1D32E9DF1E644B3F00621679 /* FBIntegrationUITests.xctest */;
			productType = "com.apple.product-type.bundle.ui-testing";
		};
/* End PBXNativeTarget section */

/* Begin PBXProject section */
		1D32E9B81E644B3F00621679 /* Project object */ = {
			isa = PBXProject;
			attributes = {
				LastSwiftUpdateCheck = 0820;
				LastUpgradeCheck = 0820;
				ORGANIZATIONNAME = codebrew;
				TargetAttributes = {
					1D32E9BF1E644B3F00621679 = {
						CreatedOnToolsVersion = 8.2.1;
						ProvisioningStyle = Automatic;
					};
					1D32E9D31E644B3F00621679 = {
						CreatedOnToolsVersion = 8.2.1;
						ProvisioningStyle = Automatic;
						TestTargetID = 1D32E9BF1E644B3F00621679;
					};
					1D32E9DE1E644B3F00621679 = {
						CreatedOnToolsVersion = 8.2.1;
						ProvisioningStyle = Automatic;
						TestTargetID = 1D32E9BF1E644B3F00621679;
					};
				};
			};
			buildConfigurationList = 1D32E9BB1E644B3F00621679 /* Build configuration list for PBXProject "FBIntegration" */;
			compatibilityVersion = "Xcode 3.2";
			developmentRegion = English;
			hasScannedForEncodings = 0;
			knownRegions = (
				en,
				Base,
			);
			mainGroup = 1D32E9B71E644B3F00621679;
			productRefGroup = 1D32E9C11E644B3F00621679 /* Products */;
			projectDirPath = "";
			projectRoot = "";
			targets = (
				1D32E9BF1E644B3F00621679 /* FBIntegration */,
				1D32E9D31E644B3F00621679 /* FBIntegrationTests */,
				1D32E9DE1E644B3F00621679 /* FBIntegrationUITests */,
			);
		};
/* End PBXProject section */

/* Begin PBXResourcesBuildPhase section */
		1D32E9BE1E644B3F00621679 /* Resources */ = {
			isa = PBXResourcesBuildPhase;
			buildActionMask = 2147483647;
			files = (
				1D32E9CE1E644B3F00621679 /* LaunchScreen.storyboard in Resources */,
				1D32E9CB1E644B3F00621679 /* Assets.xcassets in Resources */,
				1D32E9C91E644B3F00621679 /* Main.storyboard in Resources */,
			);
			runOnlyForDeploymentPostprocessing = 0;
		};
		1D32E9D21E644B3F00621679 /* Resources */ = {
			isa = PBXResourcesBuildPhase;
			buildActionMask = 2147483647;
			files = (
			);
			runOnlyForDeploymentPostprocessing = 0;
		};
		1D32E9DD1E644B3F00621679 /* Resources */ = {
			isa = PBXResourcesBuildPhase;
			buildActionMask = 2147483647;
			files = (
			);
			runOnlyForDeploymentPostprocessing = 0;
		};
/* End PBXResourcesBuildPhase section */

/* Begin PBXShellScriptBuildPhase section */
		0C9C019CA4C9FFF53E64D125 /* [CP] Check Pods Manifest.lock */ = {
			isa = PBXShellScriptBuildPhase;
			buildActionMask = 2147483647;
			files = (
			);
			inputPaths = (
			);
			name = "[CP] Check Pods Manifest.lock";
			outputPaths = (
			);
			runOnlyForDeploymentPostprocessing = 0;
			shellPath = /bin/sh;
			shellScript = "diff \"${PODS_ROOT}/../Podfile.lock\" \"${PODS_ROOT}/Manifest.lock\" > /dev/null\nif [ $? != 0 ] ; then\n    # print error to STDERR\n    echo \"error: The sandbox is not in sync with the Podfile.lock. Run 'pod install' or update your CocoaPods installation.\" >&2\n    exit 1\nfi\n";
			showEnvVarsInLog = 0;
		};
		1E36F6E8D2AAA6EA34323AF5 /* [CP] Embed Pods Frameworks */ = {
			isa = PBXShellScriptBuildPhase;
			buildActionMask = 2147483647;
			files = (
			);
			inputPaths = (
			);
			name = "[CP] Embed Pods Frameworks";
			outputPaths = (
			);
			runOnlyForDeploymentPostprocessing = 0;
			shellPath = /bin/sh;
			shellScript = "\"${SRCROOT}/Pods/Target Support Files/Pods-FBIntegrationUITests/Pods-FBIntegrationUITests-frameworks.sh\"\n";
			showEnvVarsInLog = 0;
		};
		2FB7683DFDE50DCC951B0D23 /* [CP] Check Pods Manifest.lock */ = {
			isa = PBXShellScriptBuildPhase;
			buildActionMask = 2147483647;
			files = (
			);
			inputPaths = (
			);
			name = "[CP] Check Pods Manifest.lock";
			outputPaths = (
			);
			runOnlyForDeploymentPostprocessing = 0;
			shellPath = /bin/sh;
			shellScript = "diff \"${PODS_ROOT}/../Podfile.lock\" \"${PODS_ROOT}/Manifest.lock\" > /dev/null\nif [ $? != 0 ] ; then\n    # print error to STDERR\n    echo \"error: The sandbox is not in sync with the Podfile.lock. Run 'pod install' or update your CocoaPods installation.\" >&2\n    exit 1\nfi\n";
			showEnvVarsInLog = 0;
		};
		61ACFED2DDE14BDEF01031D4 /* [CP] Embed Pods Frameworks */ = {
			isa = PBXShellScriptBuildPhase;
			buildActionMask = 2147483647;
			files = (
			);
			inputPaths = (
			);
			name = "[CP] Embed Pods Frameworks";
			outputPaths = (
			);
			runOnlyForDeploymentPostprocessing = 0;
			shellPath = /bin/sh;
			shellScript = "\"${SRCROOT}/Pods/Target Support Files/Pods-FBIntegration/Pods-FBIntegration-frameworks.sh\"\n";
			showEnvVarsInLog = 0;
		};
		6ABC0D6F6FB335179FC4A5A9 /* [CP] Copy Pods Resources */ = {
			isa = PBXShellScriptBuildPhase;
			buildActionMask = 2147483647;
			files = (
			);
			inputPaths = (
			);
			name = "[CP] Copy Pods Resources";
			outputPaths = (
			);
			runOnlyForDeploymentPostprocessing = 0;
			shellPath = /bin/sh;
			shellScript = "\"${SRCROOT}/Pods/Target Support Files/Pods-FBIntegration/Pods-FBIntegration-resources.sh\"\n";
			showEnvVarsInLog = 0;
		};
		6DDD3E2BA0F7FB6756D4AFC0 /* [CP] Check Pods Manifest.lock */ = {
			isa = PBXShellScriptBuildPhase;
			buildActionMask = 2147483647;
			files = (
			);
			inputPaths = (
			);
			name = "[CP] Check Pods Manifest.lock";
			outputPaths = (
			);
			runOnlyForDeploymentPostprocessing = 0;
			shellPath = /bin/sh;
			shellScript = "diff \"${PODS_ROOT}/../Podfile.lock\" \"${PODS_ROOT}/Manifest.lock\" > /dev/null\nif [ $? != 0 ] ; then\n    # print error to STDERR\n    echo \"error: The sandbox is not in sync with the Podfile.lock. Run 'pod install' or update your CocoaPods installation.\" >&2\n    exit 1\nfi\n";
			showEnvVarsInLog = 0;
		};
		7231FF60DAEF6EEED85F4221 /* [CP] Copy Pods Resources */ = {
			isa = PBXShellScriptBuildPhase;
			buildActionMask = 2147483647;
			files = (
			);
			inputPaths = (
			);
			name = "[CP] Copy Pods Resources";
			outputPaths = (
			);
			runOnlyForDeploymentPostprocessing = 0;
			shellPath = /bin/sh;
			shellScript = "\"${SRCROOT}/Pods/Target Support Files/Pods-FBIntegrationUITests/Pods-FBIntegrationUITests-resources.sh\"\n";
			showEnvVarsInLog = 0;
		};
		9C36328EEBEF35EEACAC60B7 /* [CP] Copy Pods Resources */ = {
			isa = PBXShellScriptBuildPhase;
			buildActionMask = 2147483647;
			files = (
			);
			inputPaths = (
			);
			name = "[CP] Copy Pods Resources";
			outputPaths = (
			);
			runOnlyForDeploymentPostprocessing = 0;
			shellPath = /bin/sh;
			shellScript = "\"${SRCROOT}/Pods/Target Support Files/Pods-FBIntegrationTests/Pods-FBIntegrationTests-resources.sh\"\n";
			showEnvVarsInLog = 0;
		};
		DA595A1DFA5E4D0912067738 /* [CP] Embed Pods Frameworks */ = {
			isa = PBXShellScriptBuildPhase;
			buildActionMask = 2147483647;
			files = (
			);
			inputPaths = (
			);
			name = "[CP] Embed Pods Frameworks";
			outputPaths = (
			);
			runOnlyForDeploymentPostprocessing = 0;
			shellPath = /bin/sh;
			shellScript = "\"${SRCROOT}/Pods/Target Support Files/Pods-FBIntegrationTests/Pods-FBIntegrationTests-frameworks.sh\"\n";
			showEnvVarsInLog = 0;
		};
/* End PBXShellScriptBuildPhase section */

/* Begin PBXSourcesBuildPhase section */
		1D32E9BC1E644B3F00621679 /* Sources */ = {
			isa = PBXSourcesBuildPhase;
			buildActionMask = 2147483647;
			files = (
				1D32E9C61E644B3F00621679 /* ViewController.swift in Sources */,
				1D32E9C41E644B3F00621679 /* AppDelegate.swift in Sources */,
			);
			runOnlyForDeploymentPostprocessing = 0;
		};
		1D32E9D01E644B3F00621679 /* Sources */ = {
			isa = PBXSourcesBuildPhase;
			buildActionMask = 2147483647;
			files = (
				1D32E9D91E644B3F00621679 /* FBIntegrationTests.swift in Sources */,
			);
			runOnlyForDeploymentPostprocessing = 0;
		};
		1D32E9DB1E644B3F00621679 /* Sources */ = {
			isa = PBXSourcesBuildPhase;
			buildActionMask = 2147483647;
			files = (
				1D32E9E41E644B3F00621679 /* FBIntegrationUITests.swift in Sources */,
			);
			runOnlyForDeploymentPostprocessing = 0;
		};
/* End PBXSourcesBuildPhase section */

/* Begin PBXTargetDependency section */
		1D32E9D61E644B3F00621679 /* PBXTargetDependency */ = {
			isa = PBXTargetDependency;
			target = 1D32E9BF1E644B3F00621679 /* FBIntegration */;
			targetProxy = 1D32E9D51E644B3F00621679 /* PBXContainerItemProxy */;
		};
		1D32E9E11E644B3F00621679 /* PBXTargetDependency */ = {
			isa = PBXTargetDependency;
			target = 1D32E9BF1E644B3F00621679 /* FBIntegration */;
			targetProxy = 1D32E9E01E644B3F00621679 /* PBXContainerItemProxy */;
		};
/* End PBXTargetDependency section */

/* Begin PBXVariantGroup section */
		1D32E9C71E644B3F00621679 /* Main.storyboard */ = {
			isa = PBXVariantGroup;
			children = (
				1D32E9C81E644B3F00621679 /* Base */,
			);
			name = Main.storyboard;
			sourceTree = "<group>";
		};
		1D32E9CC1E644B3F00621679 /* LaunchScreen.storyboard */ = {
			isa = PBXVariantGroup;
			children = (
				1D32E9CD1E644B3F00621679 /* Base */,
			);
			name = LaunchScreen.storyboard;
			sourceTree = "<group>";
		};
/* End PBXVariantGroup section */

/* Begin XCBuildConfiguration section */
		1D32E9E61E644B4000621679 /* Debug */ = {
			isa = XCBuildConfiguration;
			buildSettings = {
				ALWAYS_SEARCH_USER_PATHS = NO;
				CLANG_ANALYZER_NONNULL = YES;
				CLANG_CXX_LANGUAGE_STANDARD = "gnu++0x";
				CLANG_CXX_LIBRARY = "libc++";
				CLANG_ENABLE_MODULES = YES;
				CLANG_ENABLE_OBJC_ARC = YES;
				CLANG_WARN_BOOL_CONVERSION = YES;
				CLANG_WARN_CONSTANT_CONVERSION = YES;
				CLANG_WARN_DIRECT_OBJC_ISA_USAGE = YES_ERROR;
				CLANG_WARN_DOCUMENTATION_COMMENTS = YES;
				CLANG_WARN_EMPTY_BODY = YES;
				CLANG_WARN_ENUM_CONVERSION = YES;
				CLANG_WARN_INFINITE_RECURSION = YES;
				CLANG_WARN_INT_CONVERSION = YES;
				CLANG_WARN_OBJC_ROOT_CLASS = YES_ERROR;
				CLANG_WARN_SUSPICIOUS_MOVE = YES;
				CLANG_WARN_UNREACHABLE_CODE = YES;
				CLANG_WARN__DUPLICATE_METHOD_MATCH = YES;
				"CODE_SIGN_IDENTITY[sdk=iphoneos*]" = "iPhone Developer";
				COPY_PHASE_STRIP = NO;
				DEBUG_INFORMATION_FORMAT = dwarf;
				ENABLE_STRICT_OBJC_MSGSEND = YES;
				ENABLE_TESTABILITY = YES;
				GCC_C_LANGUAGE_STANDARD = gnu99;
				GCC_DYNAMIC_NO_PIC = NO;
				GCC_NO_COMMON_BLOCKS = YES;
				GCC_OPTIMIZATION_LEVEL = 0;
				GCC_PREPROCESSOR_DEFINITIONS = (
					"DEBUG=1",
					"$(inherited)",
				);
				GCC_WARN_64_TO_32_BIT_CONVERSION = YES;
				GCC_WARN_ABOUT_RETURN_TYPE = YES_ERROR;
				GCC_WARN_UNDECLARED_SELECTOR = YES;
				GCC_WARN_UNINITIALIZED_AUTOS = YES_AGGRESSIVE;
				GCC_WARN_UNUSED_FUNCTION = YES;
				GCC_WARN_UNUSED_VARIABLE = YES;
				IPHONEOS_DEPLOYMENT_TARGET = 10.2;
				MTL_ENABLE_DEBUG_INFO = YES;
				ONLY_ACTIVE_ARCH = YES;
				SDKROOT = iphoneos;
				SWIFT_ACTIVE_COMPILATION_CONDITIONS = DEBUG;
				SWIFT_OPTIMIZATION_LEVEL = "-Onone";
				TARGETED_DEVICE_FAMILY = "1,2";
			};
			name = Debug;
		};
		1D32E9E71E644B4000621679 /* Release */ = {
			isa = XCBuildConfiguration;
			buildSettings = {
				ALWAYS_SEARCH_USER_PATHS = NO;
				CLANG_ANALYZER_NONNULL = YES;
				CLANG_CXX_LANGUAGE_STANDARD = "gnu++0x";
				CLANG_CXX_LIBRARY = "libc++";
				CLANG_ENABLE_MODULES = YES;
				CLANG_ENABLE_OBJC_ARC = YES;
				CLANG_WARN_BOOL_CONVERSION = YES;
				CLANG_WARN_CONSTANT_CONVERSION = YES;
				CLANG_WARN_DIRECT_OBJC_ISA_USAGE = YES_ERROR;
				CLANG_WARN_DOCUMENTATION_COMMENTS = YES;
				CLANG_WARN_EMPTY_BODY = YES;
				CLANG_WARN_ENUM_CONVERSION = YES;
				CLANG_WARN_INFINITE_RECURSION = YES;
				CLANG_WARN_INT_CONVERSION = YES;
				CLANG_WARN_OBJC_ROOT_CLASS = YES_ERROR;
				CLANG_WARN_SUSPICIOUS_MOVE = YES;
				CLANG_WARN_UNREACHABLE_CODE = YES;
				CLANG_WARN__DUPLICATE_METHOD_MATCH = YES;
				"CODE_SIGN_IDENTITY[sdk=iphoneos*]" = "iPhone Developer";
				COPY_PHASE_STRIP = NO;
				DEBUG_INFORMATION_FORMAT = "dwarf-with-dsym";
				ENABLE_NS_ASSERTIONS = NO;
				ENABLE_STRICT_OBJC_MSGSEND = YES;
				GCC_C_LANGUAGE_STANDARD = gnu99;
				GCC_NO_COMMON_BLOCKS = YES;
				GCC_WARN_64_TO_32_BIT_CONVERSION = YES;
				GCC_WARN_ABOUT_RETURN_TYPE = YES_ERROR;
				GCC_WARN_UNDECLARED_SELECTOR = YES;
				GCC_WARN_UNINITIALIZED_AUTOS = YES_AGGRESSIVE;
				GCC_WARN_UNUSED_FUNCTION = YES;
				GCC_WARN_UNUSED_VARIABLE = YES;
				IPHONEOS_DEPLOYMENT_TARGET = 10.2;
				MTL_ENABLE_DEBUG_INFO = NO;
				SDKROOT = iphoneos;
				SWIFT_OPTIMIZATION_LEVEL = "-Owholemodule";
				TARGETED_DEVICE_FAMILY = "1,2";
				VALIDATE_PRODUCT = YES;
			};
			name = Release;
		};
		1D32E9E91E644B4000621679 /* Debug */ = {
			isa = XCBuildConfiguration;
			baseConfigurationReference = 05C293A94694388D92584C75 /* Pods-FBIntegration.debug.xcconfig */;
			buildSettings = {
				ASSETCATALOG_COMPILER_APPICON_NAME = AppIcon;
				INFOPLIST_FILE = FBIntegration/Info.plist;
				IPHONEOS_DEPLOYMENT_TARGET = 10.0;
				LD_RUNPATH_SEARCH_PATHS = "$(inherited) @executable_path/Frameworks";
				PRODUCT_BUNDLE_IDENTIFIER = "com.code-brew.FBIntegration";
				PRODUCT_NAME = "$(TARGET_NAME)";
				SWIFT_VERSION = 3.0;
				TARGETED_DEVICE_FAMILY = 1;
			};
			name = Debug;
		};
		1D32E9EA1E644B4000621679 /* Release */ = {
			isa = XCBuildConfiguration;
			baseConfigurationReference = E9F1E4A2497D2364A230D5EB /* Pods-FBIntegration.release.xcconfig */;
			buildSettings = {
				ASSETCATALOG_COMPILER_APPICON_NAME = AppIcon;
				INFOPLIST_FILE = FBIntegration/Info.plist;
				IPHONEOS_DEPLOYMENT_TARGET = 10.0;
				LD_RUNPATH_SEARCH_PATHS = "$(inherited) @executable_path/Frameworks";
				PRODUCT_BUNDLE_IDENTIFIER = "com.code-brew.FBIntegration";
				PRODUCT_NAME = "$(TARGET_NAME)";
				SWIFT_VERSION = 3.0;
				TARGETED_DEVICE_FAMILY = 1;
			};
			name = Release;
		};
		1D32E9EC1E644B4000621679 /* Debug */ = {
			isa = XCBuildConfiguration;
			baseConfigurationReference = 3EA18EE04CCC4A7C899AD4AF /* Pods-FBIntegrationTests.debug.xcconfig */;
			buildSettings = {
				ALWAYS_EMBED_SWIFT_STANDARD_LIBRARIES = YES;
				BUNDLE_LOADER = "$(TEST_HOST)";
				INFOPLIST_FILE = FBIntegrationTests/Info.plist;
				LD_RUNPATH_SEARCH_PATHS = "$(inherited) @executable_path/Frameworks @loader_path/Frameworks";
				PRODUCT_BUNDLE_IDENTIFIER = "com.code-brew.FBIntegrationTests";
				PRODUCT_NAME = "$(TARGET_NAME)";
				SWIFT_VERSION = 3.0;
				TEST_HOST = "$(BUILT_PRODUCTS_DIR)/FBIntegration.app/FBIntegration";
			};
			name = Debug;
		};
		1D32E9ED1E644B4000621679 /* Release */ = {
			isa = XCBuildConfiguration;
			baseConfigurationReference = 04F77A1CE5359C3237C02319 /* Pods-FBIntegrationTests.release.xcconfig */;
			buildSettings = {
				ALWAYS_EMBED_SWIFT_STANDARD_LIBRARIES = YES;
				BUNDLE_LOADER = "$(TEST_HOST)";
				INFOPLIST_FILE = FBIntegrationTests/Info.plist;
				LD_RUNPATH_SEARCH_PATHS = "$(inherited) @executable_path/Frameworks @loader_path/Frameworks";
				PRODUCT_BUNDLE_IDENTIFIER = "com.code-brew.FBIntegrationTests";
				PRODUCT_NAME = "$(TARGET_NAME)";
				SWIFT_VERSION = 3.0;
				TEST_HOST = "$(BUILT_PRODUCTS_DIR)/FBIntegration.app/FBIntegration";
			};
			name = Release;
		};
		1D32E9EF1E644B4000621679 /* Debug */ = {
			isa = XCBuildConfiguration;
			baseConfigurationReference = D29E278F2CA713A2F8AEDBC1 /* Pods-FBIntegrationUITests.debug.xcconfig */;
			buildSettings = {
				ALWAYS_EMBED_SWIFT_STANDARD_LIBRARIES = YES;
				INFOPLIST_FILE = FBIntegrationUITests/Info.plist;
				LD_RUNPATH_SEARCH_PATHS = "$(inherited) @executable_path/Frameworks @loader_path/Frameworks";
				PRODUCT_BUNDLE_IDENTIFIER = "com.code-brew.FBIntegrationUITests";
				PRODUCT_NAME = "$(TARGET_NAME)";
				SWIFT_VERSION = 3.0;
				TEST_TARGET_NAME = FBIntegration;
			};
			name = Debug;
		};
		1D32E9F01E644B4000621679 /* Release */ = {
			isa = XCBuildConfiguration;
			baseConfigurationReference = 316A173F5406DD0EF0C41480 /* Pods-FBIntegrationUITests.release.xcconfig */;
			buildSettings = {
				ALWAYS_EMBED_SWIFT_STANDARD_LIBRARIES = YES;
				INFOPLIST_FILE = FBIntegrationUITests/Info.plist;
				LD_RUNPATH_SEARCH_PATHS = "$(inherited) @executable_path/Frameworks @loader_path/Frameworks";
				PRODUCT_BUNDLE_IDENTIFIER = "com.code-brew.FBIntegrationUITests";
				PRODUCT_NAME = "$(TARGET_NAME)";
				SWIFT_VERSION = 3.0;
				TEST_TARGET_NAME = FBIntegration;
			};
			name = Release;
		};
/* End XCBuildConfiguration section */

/* Begin XCConfigurationList section */
		1D32E9BB1E644B3F00621679 /* Build configuration list for PBXProject "FBIntegration" */ = {
			isa = XCConfigurationList;
			buildConfigurations = (
				1D32E9E61E644B4000621679 /* Debug */,
				1D32E9E71E644B4000621679 /* Release */,
			);
			defaultConfigurationIsVisible = 0;
			defaultConfigurationName = Release;
		};
		1D32E9E81E644B4000621679 /* Build configuration list for PBXNativeTarget "FBIntegration" */ = {
			isa = XCConfigurationList;
			buildConfigurations = (
				1D32E9E91E644B4000621679 /* Debug */,
				1D32E9EA1E644B4000621679 /* Release */,
			);
			defaultConfigurationIsVisible = 0;
		};
		1D32E9EB1E644B4000621679 /* Build configuration list for PBXNativeTarget "FBIntegrationTests" */ = {
			isa = XCConfigurationList;
			buildConfigurations = (
				1D32E9EC1E644B4000621679 /* Debug */,
				1D32E9ED1E644B4000621679 /* Release */,
			);
			defaultConfigurationIsVisible = 0;
		};
		1D32E9EE1E644B4000621679 /* Build configuration list for PBXNativeTarget "FBIntegrationUITests" */ = {
			isa = XCConfigurationList;
			buildConfigurations = (
				1D32E9EF1E644B4000621679 /* Debug */,
				1D32E9F01E644B4000621679 /* Release */,
			);
			defaultConfigurationIsVisible = 0;
		};
/* End XCConfigurationList section */
	};
	rootObject = 1D32E9B81E644B3F00621679 /* Project object */;
}
